
Microsoft Visual Studio Solution File, Format Version 12.00
# Visual Studio Version 17
VisualStudioVersion = 17.9.34622.214
MinimumVisualStudioVersion = 10.0.40219.1
Project("{9A19103F-16F7-4668-BE54-9A1E7A4F7556}") = "EnergyEndpointsConsoleApp", "EnergyEndpointsConsoleApp.csproj", "{90C802F5-33B2-4334-A41B-AF92D3BD4793}"
EndProject
Project("{9A19103F-16F7-4668-BE54-9A1E7A4F7556}") = "Handlers", "..\Handlers\Handlers.csproj", "{13F35421-CD32-4DFF-959F-FB0ED765361F}"
EndProject
Project("{9A19103F-16F7-4668-BE54-9A1E7A4F7556}") = "Structures", "..\Structures\Structures.csproj", "{1F2158B9-5782-4D1C-BDBB-B2F22E0C65A1}"
EndProject
Project("{FAE04EC0-301F-11D3-BF4B-00C04F79EFBC}") = "Test", "..\Test\Test.csproj", "{32258476-78E7-44D3-8A80-A581D4A325F1}"
EndProject
Global
	GlobalSection(SolutionConfigurationPlatforms) = preSolution
		Debug|Any CPU = Debug|Any CPU
		Release|Any CPU = Release|Any CPU
	EndGlobalSection
	GlobalSection(ProjectConfigurationPlatforms) = postSolution
		{90C802F5-33B2-4334-A41B-AF92D3BD4793}.Debug|Any CPU.ActiveCfg = Debug|Any CPU
		{90C802F5-33B2-4334-A41B-AF92D3BD4793}.Debug|Any CPU.Build.0 = Debug|Any CPU
		{90C802F5-33B2-4334-A41B-AF92D3BD4793}.Release|Any CPU.ActiveCfg = Release|Any CPU
		{90C802F5-33B2-4334-A41B-AF92D3BD4793}.Release|Any CPU.Build.0 = Release|Any CPU
		{13F35421-CD32-4DFF-959F-FB0ED765361F}.Debug|Any CPU.ActiveCfg = Debug|Any CPU
		{13F35421-CD32-4DFF-959F-FB0ED765361F}.Debug|Any CPU.Build.0 = Debug|Any CPU
		{13F35421-CD32-4DFF-959F-FB0ED765361F}.Release|Any CPU.ActiveCfg = Release|Any CPU
		{13F35421-CD32-4DFF-959F-FB0ED765361F}.Release|Any CPU.Build.0 = Release|Any CPU
		{1F2158B9-5782-4D1C-BDBB-B2F22E0C65A1}.Debug|Any CPU.ActiveCfg = Debug|Any CPU
		{1F2158B9-5782-4D1C-BDBB-B2F22E0C65A1}.Debug|Any CPU.Build.0 = Debug|Any CPU
		{1F2158B9-5782-4D1C-BDBB-B2F22E0C65A1}.Release|Any CPU.ActiveCfg = Release|Any CPU
		{1F2158B9-5782-4D1C-BDBB-B2F22E0C65A1}.Release|Any CPU.Build.0 = Release|Any CPU
		{32258476-78E7-44D3-8A80-A581D4A325F1}.Debug|Any CPU.ActiveCfg = Debug|Any CPU
		{32258476-78E7-44D3-8A80-A581D4A325F1}.Debug|Any CPU.Build.0 = Debug|Any CPU
		{32258476-78E7-44D3-8A80-A581D4A325F1}.Release|Any CPU.ActiveCfg = Release|Any CPU
		{32258476-78E7-44D3-8A80-A581D4A325F1}.Release|Any CPU.Build.0 = Release|Any CPU
	EndGlobalSection
	GlobalSection(SolutionProperties) = preSolution
		HideSolutionNode = FALSE
	EndGlobalSection
	GlobalSection(ExtensibilityGlobals) = postSolution
		SolutionGuid = {015E2749-E52B-478C-A168-6FAB460DDFF3}
	EndGlobalSection
EndGlobal
